{
  "name": "net-speeder-for-windows",
  "version": "1.0.0",
  "lockfileVersion": 1,
  "requires": true,
  "dependencies": {
    "async": {
      "version": "1.5.2",
      "resolved": "http://r.cnpmjs.org/async/download/async-1.5.2.tgz",
      "integrity": "sha1-7GphrlZIDAw8skHJVhjiCJL5Zyo="
    },
    "cap": {
      "version": "0.2.0",
      "resolved": "http://r.cnpmjs.org/cap/download/cap-0.2.0.tgz",
      "integrity": "sha1-Kdi8QJH15JyfU8tgKNSxH9GNeEE=",
      "requires": {
        "nan": "2.9.2"
      }
    },
    "commander": {
      "version": "2.9.0",
      "resolved": "http://r.cnpmjs.org/commander/download/commander-2.9.0.tgz",
      "integrity": "sha1-nJkJQXbhIkDLItbFFGCYQA/g99Q=",
      "requires": {
        "graceful-readlink": "1.0.1"
      }
    },
    "debug": {
      "version": "2.6.9",
      "resolved": "http://r.cnpmjs.org/debug/download/debug-2.6.9.tgz",
      "integrity": "sha1-XRKFFd8TT/Mn6QpMk/Tgd6U2NB8=",
      "requires": {
        "ms": "2.0.0"
      }
    },
    "graceful-readlink": {
      "version": "1.0.1",
      "resolved": "http://r.cnpmjs.org/graceful-readlink/download/graceful-readlink-1.0.1.tgz",
      "integrity": "sha1-TK+tdrxi8C+gObL5Tpo906ORpyU="
    },
    "iconv-lite": {
      "version": "0.4.19",
      "resolved": "http://r.cnpmjs.org/iconv-lite/download/iconv-lite-0.4.19.tgz",
      "integrity": "sha1-90aPYBNfXl2tM5nAqBvpoWA6CCs="
    },
    "lodash": {
      "version": "4.17.5",
      "resolved": "http://r.cnpmjs.org/lodash/download/lodash-4.17.5.tgz",
      "integrity": "sha1-maktZcAnLevoyWtgV7yPv6O+1RE="
    },
    "minimist": {
      "version": "0.0.10",
      "resolved": "http://r.cnpmjs.org/minimist/download/minimist-0.0.10.tgz",
      "integrity": "sha1-3j+YVD2/lggr5IrRoMfNqDYwHc8="
    },
    "ms": {
      "version": "2.0.0",
      "resolved": "http://r.cnpmjs.org/ms/download/ms-2.0.0.tgz",
      "integrity": "sha1-VgiurfwAvmwpAd9fmGF4jeDVl8g="
    },
    "nan": {
      "version": "2.9.2",
      "resolved": "http://r.cnpmjs.org/nan/download/nan-2.9.2.tgz",
      "integrity": "sha1-9WTXX1+PNqbZRWzKemxP5IireGY="
    },
    "needle": {
      "version": "1.1.2",
      "resolved": "http://r.cnpmjs.org/needle/download/needle-1.1.2.tgz",
      "integrity": "sha1-0oQaElv9dP77MMA0QQQ2kGHD4To=",
      "requires": {
        "debug": "2.6.9",
        "iconv-lite": "0.4.19"
      }
    },
    "network": {
      "version": "0.4.1",
      "resolved": "http://r.cnpmjs.org/network/download/network-0.4.1.tgz",
      "integrity": "sha1-MLtNQbYkBypNqZBDH3dRNhLEXMA=",
      "requires": {
        "async": "1.5.2",
        "commander": "2.9.0",
        "needle": "1.1.2",
        "wmic": "0.1.0"
      }
    },
    "optimist": {
      "version": "0.6.1",
      "resolved": "http://r.cnpmjs.org/optimist/download/optimist-0.6.1.tgz",
      "integrity": "sha1-2j6nRob6IaGaERwybpDrFaAZZoY=",
      "requires": {
        "minimist": "0.0.10",
        "wordwrap": "0.0.3"
      }
    },
    "raw-socket": {
      "version": "1.5.2",
      "resolved": "http://r.cnpmjs.org/raw-socket/download/raw-socket-1.5.2.tgz",
      "integrity": "sha1-JoaI7sNhuSAMnKnUszjfZIEervw=",
      "requires": {
        "nan": "2.3.5"
      },
      "dependencies": {
        "nan": {
          "version": "2.3.5",
          "resolved": "http://r.cnpmjs.org/nan/download/nan-2.3.5.tgz",
          "integrity": "sha1-gioNwmYpDOTNOhIoLKPn42Rmigg="
        }
      }
    },
    "wmic": {
      "version": "0.1.0",
      "resolved": "http://r.cnpmjs.org/wmic/download/wmic-0.1.0.tgz",
      "integrity": "sha1-eLQasR0VTLgSgZ4SkWdNrVXY4dc=",
      "requires": {
        "async": "2.6.0",
        "iconv-lite": "0.4.19"
      },
      "dependencies": {
        "async": {
          "version": "2.6.0",
          "resolved": "http://r.cnpmjs.org/async/download/async-2.6.0.tgz",
          "integrity": "sha1-YaKau2/MAm/qd+VtHG7FOnlZUfQ=",
          "requires": {
            "lodash": "4.17.5"
          }
        }
      }
    },
    "wordwrap": {
      "version": "0.0.3",
      "resolved": "http://r.cnpmjs.org/wordwrap/download/wordwrap-0.0.3.tgz",
      "integrity": "sha1-o9XabNXAvAAI03I0u68b7WMFkQc="
    }
  }
}
